
Microsoft Visual Studio Solution File, Format Version 12.00
# Visual Studio Version 17
VisualStudioVersion = 17.5.002.0
MinimumVisualStudioVersion = 10.0.40219.1
Project("{9A19103F-16F7-4668-BE54-9A1E7A4F7556}") = "MinimalAPI-EF-ModelFirst-Postgres", "MinimalAPI-EF-ModelFirst-Postgres.csproj", "{57D85925-1778-49DA-B085-D897B8412D4E}"
EndProject
Global
	GlobalSection(SolutionConfigurationPlatforms) = preSolution
		Debug|Any CPU = Debug|Any CPU
		Release|Any CPU = Release|Any CPU
	EndGlobalSection
	GlobalSection(ProjectConfigurationPlatforms) = postSolution
		{57D85925-1778-49DA-B085-D897B8412D4E}.Debug|Any CPU.ActiveCfg = Debug|Any CPU
		{57D85925-1778-49DA-B085-D897B8412D4E}.Debug|Any CPU.Build.0 = Debug|Any CPU
		{57D85925-1778-49DA-B085-D897B8412D4E}.Release|Any CPU.ActiveCfg = Release|Any CPU
		{57D85925-1778-49DA-B085-D897B8412D4E}.Release|Any CPU.Build.0 = Release|Any CPU
	EndGlobalSection
	GlobalSection(SolutionProperties) = preSolution
		HideSolutionNode = FALSE
	EndGlobalSection
	GlobalSection(ExtensibilityGlobals) = postSolution
		SolutionGuid = {C640A702-3153-4DA1-8FF6-6B2360D7C9A3}
	EndGlobalSection
EndGlobal
